// !$*UTF8*$!
{
	archiveVersion = 1;
	classes = {
	};
	objectVersion = 51;
	objects = {

/* Begin PBXBuildFile section */
		491AABB9BC37F49B90717820 /* Pods_Parstagram.framework in Frameworks */ = {isa = PBXBuildFile; fileRef = 7B92682391DA5D40109CC5C4 /* Pods_Parstagram.framework */; };
		6FC332F9EA0202DA0C37A443 /* Pods_ParstagramTests.framework in Frameworks */ = {isa = PBXBuildFile; fileRef = 45029F8BC5CCFC64AE43A8C5 /* Pods_ParstagramTests.framework */; };
		B11B3D34240B9FA800F93D79 /* AppDelegate.swift in Sources */ = {isa = PBXBuildFile; fileRef = B11B3D33240B9FA800F93D79 /* AppDelegate.swift */; };
		B11B3D36240B9FA800F93D79 /* SceneDelegate.swift in Sources */ = {isa = PBXBuildFile; fileRef = B11B3D35240B9FA800F93D79 /* SceneDelegate.swift */; };
		B11B3D3B240B9FA900F93D79 /* Main.storyboard in Resources */ = {isa = PBXBuildFile; fileRef = B11B3D39240B9FA900F93D79 /* Main.storyboard */; };
		B11B3D3D240B9FB100F93D79 /* Assets.xcassets in Resources */ = {isa = PBXBuildFile; fileRef = B11B3D3C240B9FB100F93D79 /* Assets.xcassets */; };
		B11B3D40240B9FB100F93D79 /* LaunchScreen.storyboard in Resources */ = {isa = PBXBuildFile; fileRef = B11B3D3E240B9FB100F93D79 /* LaunchScreen.storyboard */; };
		B11B3D4B240B9FB100F93D79 /* ParstagramTests.swift in Sources */ = {isa = PBXBuildFile; fileRef = B11B3D4A240B9FB100F93D79 /* ParstagramTests.swift */; };
		B11B3D56240B9FB100F93D79 /* ParstagramUITests.swift in Sources */ = {isa = PBXBuildFile; fileRef = B11B3D55240B9FB100F93D79 /* ParstagramUITests.swift */; };
		B11B3D64240BA5F800F93D79 /* LoginViewController.swift in Sources */ = {isa = PBXBuildFile; fileRef = B11B3D63240BA5F800F93D79 /* LoginViewController.swift */; };
		B11B3D66240BA60E00F93D79 /* FeedViewController.swift in Sources */ = {isa = PBXBuildFile; fileRef = B11B3D65240BA60E00F93D79 /* FeedViewController.swift */; };
		B11B3D68240BB15A00F93D79 /* CameraViewController.swift in Sources */ = {isa = PBXBuildFile; fileRef = B11B3D67240BB15A00F93D79 /* CameraViewController.swift */; };
		B11B3D6C240CD7D100F93D79 /* PostCell.swift in Sources */ = {isa = PBXBuildFile; fileRef = B11B3D6B240CD7D100F93D79 /* PostCell.swift */; };
		F61D6DCC5033CFA33AAE7CF7 /* Pods_Parstagram_ParstagramUITests.framework in Frameworks */ = {isa = PBXBuildFile; fileRef = 222D18713866093A1CA89872 /* Pods_Parstagram_ParstagramUITests.framework */; };
/* End PBXBuildFile section */

/* Begin PBXContainerItemProxy section */
		B11B3D47240B9FB100F93D79 /* PBXContainerItemProxy */ = {
			isa = PBXContainerItemProxy;
			containerPortal = B11B3D28240B9FA800F93D79 /* Project object */;
			proxyType = 1;
			remoteGlobalIDString = B11B3D2F240B9FA800F93D79;
			remoteInfo = Parstagram;
		};
		B11B3D52240B9FB100F93D79 /* PBXContainerItemProxy */ = {
			isa = PBXContainerItemProxy;
			containerPortal = B11B3D28240B9FA800F93D79 /* Project object */;
			proxyType = 1;
			remoteGlobalIDString = B11B3D2F240B9FA800F93D79;
			remoteInfo = Parstagram;
		};
/* End PBXContainerItemProxy section */

/* Begin PBXFileReference section */
		0A3EB7BF42B9D92C36112290 /* Pods-Parstagram-ParstagramUITests.debug.xcconfig */ = {isa = PBXFileReference; includeInIndex = 1; lastKnownFileType = text.xcconfig; name = "Pods-Parstagram-ParstagramUITests.debug.xcconfig"; path = "Target Support Files/Pods-Parstagram-ParstagramUITests/Pods-Parstagram-ParstagramUITests.debug.xcconfig"; sourceTree = "<group>"; };
		222D18713866093A1CA89872 /* Pods_Parstagram_ParstagramUITests.framework */ = {isa = PBXFileReference; explicitFileType = wrapper.framework; includeInIndex = 0; path = Pods_Parstagram_ParstagramUITests.framework; sourceTree = BUILT_PRODUCTS_DIR; };
		35953C311EF1FE53EC83FAAF /* Pods-ParstagramTests.release.xcconfig */ = {isa = PBXFileReference; includeInIndex = 1; lastKnownFileType = text.xcconfig; name = "Pods-ParstagramTests.release.xcconfig"; path = "Target Support Files/Pods-ParstagramTests/Pods-ParstagramTests.release.xcconfig"; sourceTree = "<group>"; };
		45029F8BC5CCFC64AE43A8C5 /* Pods_ParstagramTests.framework */ = {isa = PBXFileReference; explicitFileType = wrapper.framework; includeInIndex = 0; path = Pods_ParstagramTests.framework; sourceTree = BUILT_PRODUCTS_DIR; };
		5B654534A428AC2AFA8F7072 /* Pods-Parstagram.release.xcconfig */ = {isa = PBXFileReference; includeInIndex = 1; lastKnownFileType = text.xcconfig; name = "Pods-Parstagram.release.xcconfig"; path = "Target Support Files/Pods-Parstagram/Pods-Parstagram.release.xcconfig"; sourceTree = "<group>"; };
		7289FA1A4F55CAC38FA3835C /* Pods-Parstagram.debug.xcconfig */ = {isa = PBXFileReference; includeInIndex = 1; lastKnownFileType = text.xcconfig; name = "Pods-Parstagram.debug.xcconfig"; path = "Target Support Files/Pods-Parstagram/Pods-Parstagram.debug.xcconfig"; sourceTree = "<group>"; };
		7B92682391DA5D40109CC5C4 /* Pods_Parstagram.framework */ = {isa = PBXFileReference; explicitFileType = wrapper.framework; includeInIndex = 0; path = Pods_Parstagram.framework; sourceTree = BUILT_PRODUCTS_DIR; };
		AA71566E1DC355A4A2774CFF /* Pods-ParstagramTests.debug.xcconfig */ = {isa = PBXFileReference; includeInIndex = 1; lastKnownFileType = text.xcconfig; name = "Pods-ParstagramTests.debug.xcconfig"; path = "Target Support Files/Pods-ParstagramTests/Pods-ParstagramTests.debug.xcconfig"; sourceTree = "<group>"; };
		B11B3D30240B9FA800F93D79 /* Parstagram.app */ = {isa = PBXFileReference; explicitFileType = wrapper.application; includeInIndex = 0; path = Parstagram.app; sourceTree = BUILT_PRODUCTS_DIR; };
		B11B3D33240B9FA800F93D79 /* AppDelegate.swift */ = {isa = PBXFileReference; lastKnownFileType = sourcecode.swift; path = AppDelegate.swift; sourceTree = "<group>"; };
		B11B3D35240B9FA800F93D79 /* SceneDelegate.swift */ = {isa = PBXFileReference; lastKnownFileType = sourcecode.swift; path = SceneDelegate.swift; sourceTree = "<group>"; };
		B11B3D3A240B9FA900F93D79 /* Base */ = {isa = PBXFileReference; lastKnownFileType = file.storyboard; name = Base; path = Base.lproj/Main.storyboard; sourceTree = "<group>"; };
		B11B3D3C240B9FB100F93D79 /* Assets.xcassets */ = {isa = PBXFileReference; lastKnownFileType = folder.assetcatalog; path = Assets.xcassets; sourceTree = "<group>"; };
		B11B3D3F240B9FB100F93D79 /* Base */ = {isa = PBXFileReference; lastKnownFileType = file.storyboard; name = Base; path = Base.lproj/LaunchScreen.storyboard; sourceTree = "<group>"; };
		B11B3D41240B9FB100F93D79 /* Info.plist */ = {isa = PBXFileReference; lastKnownFileType = text.plist.xml; path = Info.plist; sourceTree = "<group>"; };
		B11B3D46240B9FB100F93D79 /* ParstagramTests.xctest */ = {isa = PBXFileReference; explicitFileType = wrapper.cfbundle; includeInIndex = 0; path = ParstagramTests.xctest; sourceTree = BUILT_PRODUCTS_DIR; };
		B11B3D4A240B9FB100F93D79 /* ParstagramTests.swift */ = {isa = PBXFileReference; lastKnownFileType = sourcecode.swift; path = ParstagramTests.swift; sourceTree = "<group>"; };
		B11B3D4C240B9FB100F93D79 /* Info.plist */ = {isa = PBXFileReference; lastKnownFileType = text.plist.xml; path = Info.plist; sourceTree = "<group>"; };
		B11B3D51240B9FB100F93D79 /* ParstagramUITests.xctest */ = {isa = PBXFileReference; explicitFileType = wrapper.cfbundle; includeInIndex = 0; path = ParstagramUITests.xctest; sourceTree = BUILT_PRODUCTS_DIR; };
		B11B3D55240B9FB100F93D79 /* ParstagramUITests.swift */ = {isa = PBXFileReference; lastKnownFileType = sourcecode.swift; path = ParstagramUITests.swift; sourceTree = "<group>"; };
		B11B3D57240B9FB100F93D79 /* Info.plist */ = {isa = PBXFileReference; lastKnownFileType = text.plist.xml; path = Info.plist; sourceTree = "<group>"; };
		B11B3D63240BA5F800F93D79 /* LoginViewController.swift */ = {isa = PBXFileReference; lastKnownFileType = sourcecode.swift; path = LoginViewController.swift; sourceTree = "<group>"; };
		B11B3D65240BA60E00F93D79 /* FeedViewController.swift */ = {isa = PBXFileReference; lastKnownFileType = sourcecode.swift; path = FeedViewController.swift; sourceTree = "<group>"; };
		B11B3D67240BB15A00F93D79 /* CameraViewController.swift */ = {isa = PBXFileReference; lastKnownFileType = sourcecode.swift; path = CameraViewController.swift; sourceTree = "<group>"; };
		B11B3D6B240CD7D100F93D79 /* PostCell.swift */ = {isa = PBXFileReference; lastKnownFileType = sourcecode.swift; path = PostCell.swift; sourceTree = "<group>"; };
		E292D19F755DAA2047855548 /* Pods-Parstagram-ParstagramUITests.release.xcconfig */ = {isa = PBXFileReference; includeInIndex = 1; lastKnownFileType = text.xcconfig; name = "Pods-Parstagram-ParstagramUITests.release.xcconfig"; path = "Target Support Files/Pods-Parstagram-ParstagramUITests/Pods-Parstagram-ParstagramUITests.release.xcconfig"; sourceTree = "<group>"; };
/* End PBXFileReference section */

/* Begin PBXFrameworksBuildPhase section */
		B11B3D2D240B9FA800F93D79 /* Frameworks */ = {
			isa = PBXFrameworksBuildPhase;
			buildActionMask = 2147483647;
			files = (
				491AABB9BC37F49B90717820 /* Pods_Parstagram.framework in Frameworks */,
			);
			runOnlyForDeploymentPostprocessing = 0;
		};
		B11B3D43240B9FB100F93D79 /* Frameworks */ = {
			isa = PBXFrameworksBuildPhase;
			buildActionMask = 2147483647;
			files = (
				6FC332F9EA0202DA0C37A443 /* Pods_ParstagramTests.framework in Frameworks */,
			);
			runOnlyForDeploymentPostprocessing = 0;
		};
		B11B3D4E240B9FB100F93D79 /* Frameworks */ = {
			isa = PBXFrameworksBuildPhase;
			buildActionMask = 2147483647;
			files = (
				F61D6DCC5033CFA33AAE7CF7 /* Pods_Parstagram_ParstagramUITests.framework in Frameworks */,
			);
			runOnlyForDeploymentPostprocessing = 0;
		};
/* End PBXFrameworksBuildPhase section */

/* Begin PBXGroup section */
		590CA2F7BA6ECC25925B6158 /* Frameworks */ = {
			isa = PBXGroup;
			children = (
				7B92682391DA5D40109CC5C4 /* Pods_Parstagram.framework */,
				222D18713866093A1CA89872 /* Pods_Parstagram_ParstagramUITests.framework */,
				45029F8BC5CCFC64AE43A8C5 /* Pods_ParstagramTests.framework */,
			);
			name = Frameworks;
			sourceTree = "<group>";
		};
		5A75A9C77E2577B8B0F121AA /* Pods */ = {
			isa = PBXGroup;
			children = (
				7289FA1A4F55CAC38FA3835C /* Pods-Parstagram.debug.xcconfig */,
				5B654534A428AC2AFA8F7072 /* Pods-Parstagram.release.xcconfig */,
				0A3EB7BF42B9D92C36112290 /* Pods-Parstagram-ParstagramUITests.debug.xcconfig */,
				E292D19F755DAA2047855548 /* Pods-Parstagram-ParstagramUITests.release.xcconfig */,
				AA71566E1DC355A4A2774CFF /* Pods-ParstagramTests.debug.xcconfig */,
				35953C311EF1FE53EC83FAAF /* Pods-ParstagramTests.release.xcconfig */,
			);
			path = Pods;
			sourceTree = "<group>";
		};
		B11B3D27240B9FA800F93D79 = {
			isa = PBXGroup;
			children = (
				B11B3D32240B9FA800F93D79 /* Parstagram */,
				B11B3D49240B9FB100F93D79 /* ParstagramTests */,
				B11B3D54240B9FB100F93D79 /* ParstagramUITests */,
				B11B3D31240B9FA800F93D79 /* Products */,
				5A75A9C77E2577B8B0F121AA /* Pods */,
				590CA2F7BA6ECC25925B6158 /* Frameworks */,
			);
			sourceTree = "<group>";
		};
		B11B3D31240B9FA800F93D79 /* Products */ = {
			isa = PBXGroup;
			children = (
				B11B3D30240B9FA800F93D79 /* Parstagram.app */,
				B11B3D46240B9FB100F93D79 /* ParstagramTests.xctest */,
				B11B3D51240B9FB100F93D79 /* ParstagramUITests.xctest */,
			);
			name = Products;
			sourceTree = "<group>";
		};
		B11B3D32240B9FA800F93D79 /* Parstagram */ = {
			isa = PBXGroup;
			children = (
				B11B3D33240B9FA800F93D79 /* AppDelegate.swift */,
				B11B3D35240B9FA800F93D79 /* SceneDelegate.swift */,
				B11B3D39240B9FA900F93D79 /* Main.storyboard */,
				B11B3D3C240B9FB100F93D79 /* Assets.xcassets */,
				B11B3D3E240B9FB100F93D79 /* LaunchScreen.storyboard */,
				B11B3D41240B9FB100F93D79 /* Info.plist */,
				B11B3D63240BA5F800F93D79 /* LoginViewController.swift */,
				B11B3D65240BA60E00F93D79 /* FeedViewController.swift */,
				B11B3D67240BB15A00F93D79 /* CameraViewController.swift */,
				B11B3D6B240CD7D100F93D79 /* PostCell.swift */,
			);
			path = Parstagram;
			sourceTree = "<group>";
		};
		B11B3D49240B9FB100F93D79 /* ParstagramTests */ = {
			isa = PBXGroup;
			children = (
				B11B3D4A240B9FB100F93D79 /* ParstagramTests.swift */,
				B11B3D4C240B9FB100F93D79 /* Info.plist */,
			);
			path = ParstagramTests;
			sourceTree = "<group>";
		};
		B11B3D54240B9FB100F93D79 /* ParstagramUITests */ = {
			isa = PBXGroup;
			children = (
				B11B3D55240B9FB100F93D79 /* ParstagramUITests.swift */,
				B11B3D57240B9FB100F93D79 /* Info.plist */,
			);
			path = ParstagramUITests;
			sourceTree = "<group>";
		};
/* End PBXGroup section */

/* Begin PBXNativeTarget section */
		B11B3D2F240B9FA800F93D79 /* Parstagram */ = {
			isa = PBXNativeTarget;
			buildConfigurationList = B11B3D5A240B9FB100F93D79 /* Build configuration list for PBXNativeTarget "Parstagram" */;
			buildPhases = (
				7EC5862BA1EA830DB3763094 /* [CP] Check Pods Manifest.lock */,
				B11B3D2C240B9FA800F93D79 /* Sources */,
				B11B3D2D240B9FA800F93D79 /* Frameworks */,
				B11B3D2E240B9FA800F93D79 /* Resources */,
				4CFCE2E4CB541EDEA3335058 /* [CP] Embed Pods Frameworks */,
			);
			buildRules = (
			);
			dependencies = (
			);
			name = Parstagram;
			productName = Parstagram;
			productReference = B11B3D30240B9FA800F93D79 /* Parstagram.app */;
			productType = "com.apple.product-type.application";
		};
		B11B3D45240B9FB100F93D79 /* ParstagramTests */ = {
			isa = PBXNativeTarget;
			buildConfigurationList = B11B3D5D240B9FB100F93D79 /* Build configuration list for PBXNativeTarget "ParstagramTests" */;
			buildPhases = (
				41A43ACF04A235E6DCFDB42E /* [CP] Check Pods Manifest.lock */,
				B11B3D42240B9FB100F93D79 /* Sources */,
				B11B3D43240B9FB100F93D79 /* Frameworks */,
				B11B3D44240B9FB100F93D79 /* Resources */,
			);
			buildRules = (
			);
			dependencies = (
				B11B3D48240B9FB100F93D79 /* PBXTargetDependency */,
			);
			name = ParstagramTests;
			productName = ParstagramTests;
			productReference = B11B3D46240B9FB100F93D79 /* ParstagramTests.xctest */;
			productType = "com.apple.product-type.bundle.unit-test";
		};
		B11B3D50240B9FB100F93D79 /* ParstagramUITests */ = {
			isa = PBXNativeTarget;
			buildConfigurationList = B11B3D60240B9FB100F93D79 /* Build configuration list for PBXNativeTarget "ParstagramUITests" */;
			buildPhases = (
				46EE5D0FD39BF3E35AFE306C /* [CP] Check Pods Manifest.lock */,
				B11B3D4D240B9FB100F93D79 /* Sources */,
				B11B3D4E240B9FB100F93D79 /* Frameworks */,
				B11B3D4F240B9FB100F93D79 /* Resources */,
				6BFCC1488325D97776361319 /* [CP] Embed Pods Frameworks */,
			);
			buildRules = (
			);
			dependencies = (
				B11B3D53240B9FB100F93D79 /* PBXTargetDependency */,
			);
			name = ParstagramUITests;
			productName = ParstagramUITests;
			productReference = B11B3D51240B9FB100F93D79 /* ParstagramUITests.xctest */;
			productType = "com.apple.product-type.bundle.ui-testing";
		};
/* End PBXNativeTarget section */

/* Begin PBXProject section */
		B11B3D28240B9FA800F93D79 /* Project object */ = {
			isa = PBXProject;
			attributes = {
				LastSwiftUpdateCheck = 1130;
				LastUpgradeCheck = 1130;
				ORGANIZATIONNAME = "Juan Zuniga";
				TargetAttributes = {
					B11B3D2F240B9FA800F93D79 = {
						CreatedOnToolsVersion = 11.3.1;
					};
					B11B3D45240B9FB100F93D79 = {
						CreatedOnToolsVersion = 11.3.1;
						TestTargetID = B11B3D2F240B9FA800F93D79;
					};
					B11B3D50240B9FB100F93D79 = {
						CreatedOnToolsVersion = 11.3.1;
						TestTargetID = B11B3D2F240B9FA800F93D79;
					};
				};
			};
			buildConfigurationList = B11B3D2B240B9FA800F93D79 /* Build configuration list for PBXProject "Parstagram" */;
			compatibilityVersion = "Xcode 9.3";
			developmentRegion = en;
			hasScannedForEncodings = 0;
			knownRegions = (
				en,
				Base,
			);
			mainGroup = B11B3D27240B9FA800F93D79;
			productRefGroup = B11B3D31240B9FA800F93D79 /* Products */;
			projectDirPath = "";
			projectRoot = "";
			targets = (
				B11B3D2F240B9FA800F93D79 /* Parstagram */,
				B11B3D45240B9FB100F93D79 /* ParstagramTests */,
				B11B3D50240B9FB100F93D79 /* ParstagramUITests */,
			);
		};
/* End PBXProject section */

/* Begin PBXResourcesBuildPhase section */
		B11B3D2E240B9FA800F93D79 /* Resources */ = {
			isa = PBXResourcesBuildPhase;
			buildActionMask = 2147483647;
			files = (
				B11B3D40240B9FB100F93D79 /* LaunchScreen.storyboard in Resources */,
				B11B3D3D240B9FB100F93D79 /* Assets.xcassets in Resources */,
				B11B3D3B240B9FA900F93D79 /* Main.storyboard in Resources */,
			);
			runOnlyForDeploymentPostprocessing = 0;
		};
		B11B3D44240B9FB100F93D79 /* Resources */ = {
			isa = PBXResourcesBuildPhase;
			buildActionMask = 2147483647;
			files = (
			);
			runOnlyForDeploymentPostprocessing = 0;
		};
		B11B3D4F240B9FB100F93D79 /* Resources */ = {
			isa = PBXResourcesBuildPhase;
			buildActionMask = 2147483647;
			files = (
			);
			runOnlyForDeploymentPostprocessing = 0;
		};
/* End PBXResourcesBuildPhase section */

/* Begin PBXShellScriptBuildPhase section */
		41A43ACF04A235E6DCFDB42E /* [CP] Check Pods Manifest.lock */ = {
			isa = PBXShellScriptBuildPhase;
			buildActionMask = 2147483647;
			files = (
			);
			inputFileListPaths = (
			);
			inputPaths = (
				"${PODS_PODFILE_DIR_PATH}/Podfile.lock",
				"${PODS_ROOT}/Manifest.lock",
			);
			name = "[CP] Check Pods Manifest.lock";
			outputFileListPaths = (
			);
			outputPaths = (
				"$(DERIVED_FILE_DIR)/Pods-ParstagramTests-checkManifestLockResult.txt",
			);
			runOnlyForDeploymentPostprocessing = 0;
			shellPath = /bin/sh;
			shellScript = "diff \"${PODS_PODFILE_DIR_PATH}/Podfile.lock\" \"${PODS_ROOT}/Manifest.lock\" > /dev/null\nif [ $? != 0 ] ; then\n    # print error to STDERR\n    echo \"error: The sandbox is not in sync with the Podfile.lock. Run 'pod install' or update your CocoaPods installation.\" >&2\n    exit 1\nfi\n# This output is used by Xcode 'outputs' to avoid re-running this script phase.\necho \"SUCCESS\" > \"${SCRIPT_OUTPUT_FILE_0}\"\n";
			showEnvVarsInLog = 0;
		};
		46EE5D0FD39BF3E35AFE306C /* [CP] Check Pods Manifest.lock */ = {
			isa = PBXShellScriptBuildPhase;
			buildActionMask = 2147483647;
			files = (
			);
			inputFileListPaths = (
			);
			inputPaths = (
				"${PODS_PODFILE_DIR_PATH}/Podfile.lock",
				"${PODS_ROOT}/Manifest.lock",
			);
			name = "[CP] Check Pods Manifest.lock";
			outputFileListPaths = (
			);
			outputPaths = (
				"$(DERIVED_FILE_DIR)/Pods-Parstagram-ParstagramUITests-checkManifestLockResult.txt",
			);
			runOnlyForDeploymentPostprocessing = 0;
			shellPath = /bin/sh;
			shellScript = "diff \"${PODS_PODFILE_DIR_PATH}/Podfile.lock\" \"${PODS_ROOT}/Manifest.lock\" > /dev/null\nif [ $? != 0 ] ; then\n    # print error to STDERR\n    echo \"error: The sandbox is not in sync with the Podfile.lock. Run 'pod install' or update your CocoaPods installation.\" >&2\n    exit 1\nfi\n# This output is used by Xcode 'outputs' to avoid re-running this script phase.\necho \"SUCCESS\" > \"${SCRIPT_OUTPUT_FILE_0}\"\n";
			showEnvVarsInLog = 0;
		};
		4CFCE2E4CB541EDEA3335058 /* [CP] Embed Pods Frameworks */ = {
			isa = PBXShellScriptBuildPhase;
			buildActionMask = 2147483647;
			files = (
			);
			inputFileListPaths = (
				"${PODS_ROOT}/Target Support Files/Pods-Parstagram/Pods-Parstagram-frameworks-${CONFIGURATION}-input-files.xcfilelist",
			);
			name = "[CP] Embed Pods Frameworks";
			outputFileListPaths = (
				"${PODS_ROOT}/Target Support Files/Pods-Parstagram/Pods-Parstagram-frameworks-${CONFIGURATION}-output-files.xcfilelist",
			);
			runOnlyForDeploymentPostprocessing = 0;
			shellPath = /bin/sh;
			shellScript = "\"${PODS_ROOT}/Target Support Files/Pods-Parstagram/Pods-Parstagram-frameworks.sh\"\n";
			showEnvVarsInLog = 0;
		};
		6BFCC1488325D97776361319 /* [CP] Embed Pods Frameworks */ = {
			isa = PBXShellScriptBuildPhase;
			buildActionMask = 2147483647;
			files = (
			);
			inputFileListPaths = (
				"${PODS_ROOT}/Target Support Files/Pods-Parstagram-ParstagramUITests/Pods-Parstagram-ParstagramUITests-frameworks-${CONFIGURATION}-input-files.xcfilelist",
			);
			name = "[CP] Embed Pods Frameworks";
			outputFileListPaths = (
				"${PODS_ROOT}/Target Support Files/Pods-Parstagram-ParstagramUITests/Pods-Parstagram-ParstagramUITests-frameworks-${CONFIGURATION}-output-files.xcfilelist",
			);
			runOnlyForDeploymentPostprocessing = 0;
			shellPath = /bin/sh;
			shellScript = "\"${PODS_ROOT}/Target Support Files/Pods-Parstagram-ParstagramUITests/Pods-Parstagram-ParstagramUITests-frameworks.sh\"\n";
			showEnvVarsInLog = 0;
		};
		7EC5862BA1EA830DB3763094 /* [CP] Check Pods Manifest.lock */ = {
			isa = PBXShellScriptBuildPhase;
			buildActionMask = 2147483647;
			files = (
			);
			inputFileListPaths = (
			);
			inputPaths = (
				"${PODS_PODFILE_DIR_PATH}/Podfile.lock",
				"${PODS_ROOT}/Manifest.lock",
			);
			name = "[CP] Check Pods Manifest.lock";
			outputFileListPaths = (
			);
			outputPaths = (
				"$(DERIVED_FILE_DIR)/Pods-Parstagram-checkManifestLockResult.txt",
			);
			runOnlyForDeploymentPostprocessing = 0;
			shellPath = /bin/sh;
			shellScript = "diff \"${PODS_PODFILE_DIR_PATH}/Podfile.lock\" \"${PODS_ROOT}/Manifest.lock\" > /dev/null\nif [ $? != 0 ] ; then\n    # print error to STDERR\n    echo \"error: The sandbox is not in sync with the Podfile.lock. Run 'pod install' or update your CocoaPods installation.\" >&2\n    exit 1\nfi\n# This output is used by Xcode 'outputs' to avoid re-running this script phase.\necho \"SUCCESS\" > \"${SCRIPT_OUTPUT_FILE_0}\"\n";
			showEnvVarsInLog = 0;
		};
/* End PBXShellScriptBuildPhase section */

/* Begin PBXSourcesBuildPhase section */
		B11B3D2C240B9FA800F93D79 /* Sources */ = {
			isa = PBXSourcesBuildPhase;
			buildActionMask = 2147483647;
			files = (
				B11B3D64240BA5F800F93D79 /* LoginViewController.swift in Sources */,
				B11B3D68240BB15A00F93D79 /* CameraViewController.swift in Sources */,
				B11B3D34240B9FA800F93D79 /* AppDelegate.swift in Sources */,
				B11B3D66240BA60E00F93D79 /* FeedViewController.swift in Sources */,
				B11B3D36240B9FA800F93D79 /* SceneDelegate.swift in Sources */,
				B11B3D6C240CD7D100F93D79 /* PostCell.swift in Sources */,
			);
			runOnlyForDeploymentPostprocessing = 0;
		};
		B11B3D42240B9FB100F93D79 /* Sources */ = {
			isa = PBXSourcesBuildPhase;
			buildActionMask = 2147483647;
			files = (
				B11B3D4B240B9FB100F93D79 /* ParstagramTests.swift in Sources */,
			);
			runOnlyForDeploymentPostprocessing = 0;
		};
		B11B3D4D240B9FB100F93D79 /* Sources */ = {
			isa = PBXSourcesBuildPhase;
			buildActionMask = 2147483647;
			files = (
				B11B3D56240B9FB100F93D79 /* ParstagramUITests.swift in Sources */,
			);
			runOnlyForDeploymentPostprocessing = 0;
		};
/* End PBXSourcesBuildPhase section */

/* Begin PBXTargetDependency section */
		B11B3D48240B9FB100F93D79 /* PBXTargetDependency */ = {
			isa = PBXTargetDependency;
			target = B11B3D2F240B9FA800F93D79 /* Parstagram */;
			targetProxy = B11B3D47240B9FB100F93D79 /* PBXContainerItemProxy */;
		};
		B11B3D53240B9FB100F93D79 /* PBXTargetDependency */ = {
			isa = PBXTargetDependency;
			target = B11B3D2F240B9FA800F93D79 /* Parstagram */;
			targetProxy = B11B3D52240B9FB100F93D79 /* PBXContainerItemProxy */;
		};
/* End PBXTargetDependency section */

/* Begin PBXVariantGroup section */
		B11B3D39240B9FA900F93D79 /* Main.storyboard */ = {
			isa = PBXVariantGroup;
			children = (
				B11B3D3A240B9FA900F93D79 /* Base */,
			);
			name = Main.storyboard;
			sourceTree = "<group>";
		};
		B11B3D3E240B9FB100F93D79 /* LaunchScreen.storyboard */ = {
			isa = PBXVariantGroup;
			children = (
				B11B3D3F240B9FB100F93D79 /* Base */,
			);
			name = LaunchScreen.storyboard;
			sourceTree = "<group>";
		};
/* End PBXVariantGroup section */

/* Begin XCBuildConfiguration section */
		B11B3D58240B9FB100F93D79 /* Debug */ = {
			isa = XCBuildConfiguration;
			buildSettings = {
				ALWAYS_SEARCH_USER_PATHS = NO;
				CLANG_ANALYZER_NONNULL = YES;
				CLANG_ANALYZER_NUMBER_OBJECT_CONVERSION = YES_AGGRESSIVE;
				CLANG_CXX_LANGUAGE_STANDARD = "gnu++14";
				CLANG_CXX_LIBRARY = "libc++";
				CLANG_ENABLE_MODULES = YES;
				CLANG_ENABLE_OBJC_ARC = YES;
				CLANG_ENABLE_OBJC_WEAK = YES;
				CLANG_WARN_BLOCK_CAPTURE_AUTORELEASING = YES;
				CLANG_WARN_BOOL_CONVERSION = YES;
				CLANG_WARN_COMMA = YES;
				CLANG_WARN_CONSTANT_CONVERSION = YES;
				CLANG_WARN_DEPRECATED_OBJC_IMPLEMENTATIONS = YES;
				CLANG_WARN_DIRECT_OBJC_ISA_USAGE = YES_ERROR;
				CLANG_WARN_DOCUMENTATION_COMMENTS = YES;
				CLANG_WARN_EMPTY_BODY = YES;
				CLANG_WARN_ENUM_CONVERSION = YES;
				CLANG_WARN_INFINITE_RECURSION = YES;
				CLANG_WARN_INT_CONVERSION = YES;
				CLANG_WARN_NON_LITERAL_NULL_CONVERSION = YES;
				CLANG_WARN_OBJC_IMPLICIT_RETAIN_SELF = YES;
				CLANG_WARN_OBJC_LITERAL_CONVERSION = YES;
				CLANG_WARN_OBJC_ROOT_CLASS = YES_ERROR;
				CLANG_WARN_RANGE_LOOP_ANALYSIS = YES;
				CLANG_WARN_STRICT_PROTOTYPES = YES;
				CLANG_WARN_SUSPICIOUS_MOVE = YES;
				CLANG_WARN_UNGUARDED_AVAILABILITY = YES_AGGRESSIVE;
				CLANG_WARN_UNREACHABLE_CODE = YES;
				CLANG_WARN__DUPLICATE_METHOD_MATCH = YES;
				COPY_PHASE_STRIP = NO;
				DEBUG_INFORMATION_FORMAT = dwarf;
				ENABLE_STRICT_OBJC_MSGSEND = YES;
				ENABLE_TESTABILITY = YES;
				GCC_C_LANGUAGE_STANDARD = gnu11;
				GCC_DYNAMIC_NO_PIC = NO;
				GCC_NO_COMMON_BLOCKS = YES;
				GCC_OPTIMIZATION_LEVEL = 0;
				GCC_PREPROCESSOR_DEFINITIONS = (
					"DEBUG=1",
					"$(inherited)",
				);
				GCC_WARN_64_TO_32_BIT_CONVERSION = YES;
				GCC_WARN_ABOUT_RETURN_TYPE = YES_ERROR;
				GCC_WARN_UNDECLARED_SELECTOR = YES;
				GCC_WARN_UNINITIALIZED_AUTOS = YES_AGGRESSIVE;
				GCC_WARN_UNUSED_FUNCTION = YES;
				GCC_WARN_UNUSED_VARIABLE = YES;
				IPHONEOS_DEPLOYMENT_TARGET = 13.2;
				MTL_ENABLE_DEBUG_INFO = INCLUDE_SOURCE;
				MTL_FAST_MATH = YES;
				ONLY_ACTIVE_ARCH = YES;
				SDKROOT = iphoneos;
				SWIFT_ACTIVE_COMPILATION_CONDITIONS = DEBUG;
				SWIFT_OPTIMIZATION_LEVEL = "-Onone";
			};
			name = Debug;
		};
		B11B3D59240B9FB100F93D79 /* Release */ = {
			isa = XCBuildConfiguration;
			buildSettings = {
				ALWAYS_SEARCH_USER_PATHS = NO;
				CLANG_ANALYZER_NONNULL = YES;
				CLANG_ANALYZER_NUMBER_OBJECT_CONVERSION = YES_AGGRESSIVE;
				CLANG_CXX_LANGUAGE_STANDARD = "gnu++14";
				CLANG_CXX_LIBRARY = "libc++";
				CLANG_ENABLE_MODULES = YES;
				CLANG_ENABLE_OBJC_ARC = YES;
				CLANG_ENABLE_OBJC_WEAK = YES;
				CLANG_WARN_BLOCK_CAPTURE_AUTORELEASING = YES;
				CLANG_WARN_BOOL_CONVERSION = YES;
				CLANG_WARN_COMMA = YES;
				CLANG_WARN_CONSTANT_CONVERSION = YES;
				CLANG_WARN_DEPRECATED_OBJC_IMPLEMENTATIONS = YES;
				CLANG_WARN_DIRECT_OBJC_ISA_USAGE = YES_ERROR;
				CLANG_WARN_DOCUMENTATION_COMMENTS = YES;
				CLANG_WARN_EMPTY_BODY = YES;
				CLANG_WARN_ENUM_CONVERSION = YES;
				CLANG_WARN_INFINITE_RECURSION = YES;
				CLANG_WARN_INT_CONVERSION = YES;
				CLANG_WARN_NON_LITERAL_NULL_CONVERSION = YES;
				CLANG_WARN_OBJC_IMPLICIT_RETAIN_SELF = YES;
				CLANG_WARN_OBJC_LITERAL_CONVERSION = YES;
				CLANG_WARN_OBJC_ROOT_CLASS = YES_ERROR;
				CLANG_WARN_RANGE_LOOP_ANALYSIS = YES;
				CLANG_WARN_STRICT_PROTOTYPES = YES;
				CLANG_WARN_SUSPICIOUS_MOVE = YES;
				CLANG_WARN_UNGUARDED_AVAILABILITY = YES_AGGRESSIVE;
				CLANG_WARN_UNREACHABLE_CODE = YES;
				CLANG_WARN__DUPLICATE_METHOD_MATCH = YES;
				COPY_PHASE_STRIP = NO;
				DEBUG_INFORMATION_FORMAT = "dwarf-with-dsym";
				ENABLE_NS_ASSERTIONS = NO;
				ENABLE_STRICT_OBJC_MSGSEND = YES;
				GCC_C_LANGUAGE_STANDARD = gnu11;
				GCC_NO_COMMON_BLOCKS = YES;
				GCC_WARN_64_TO_32_BIT_CONVERSION = YES;
				GCC_WARN_ABOUT_RETURN_TYPE = YES_ERROR;
				GCC_WARN_UNDECLARED_SELECTOR = YES;
				GCC_WARN_UNINITIALIZED_AUTOS = YES_AGGRESSIVE;
				GCC_WARN_UNUSED_FUNCTION = YES;
				GCC_WARN_UNUSED_VARIABLE = YES;
				IPHONEOS_DEPLOYMENT_TARGET = 13.2;
				MTL_ENABLE_DEBUG_INFO = NO;
				MTL_FAST_MATH = YES;
				SDKROOT = iphoneos;
				SWIFT_COMPILATION_MODE = wholemodule;
				SWIFT_OPTIMIZATION_LEVEL = "-O";
				VALIDATE_PRODUCT = YES;
			};
			name = Release;
		};
		B11B3D5B240B9FB100F93D79 /* Debug */ = {
			isa = XCBuildConfiguration;
			baseConfigurationReference = 7289FA1A4F55CAC38FA3835C /* Pods-Parstagram.debug.xcconfig */;
			buildSettings = {
				ASSETCATALOG_COMPILER_APPICON_NAME = AppIcon;
				CODE_SIGN_STYLE = Automatic;
				INFOPLIST_FILE = Parstagram/Info.plist;
				LD_RUNPATH_SEARCH_PATHS = (
					"$(inherited)",
					"@executable_path/Frameworks",
				);
				PRODUCT_BUNDLE_IDENTIFIER = com.csumb.Parstagram;
				PRODUCT_NAME = "$(TARGET_NAME)";
				SWIFT_VERSION = 5.0;
				TARGETED_DEVICE_FAMILY = "1,2";
			};
			name = Debug;
		};
		B11B3D5C240B9FB100F93D79 /* Release */ = {
			isa = XCBuildConfiguration;
			baseConfigurationReference = 5B654534A428AC2AFA8F7072 /* Pods-Parstagram.release.xcconfig */;
			buildSettings = {
				ASSETCATALOG_COMPILER_APPICON_NAME = AppIcon;
				CODE_SIGN_STYLE = Automatic;
				INFOPLIST_FILE = Parstagram/Info.plist;
				LD_RUNPATH_SEARCH_PATHS = (
					"$(inherited)",
					"@executable_path/Frameworks",
				);
				PRODUCT_BUNDLE_IDENTIFIER = com.csumb.Parstagram;
				PRODUCT_NAME = "$(TARGET_NAME)";
				SWIFT_VERSION = 5.0;
				TARGETED_DEVICE_FAMILY = "1,2";
			};
			name = Release;
		};
		B11B3D5E240B9FB100F93D79 /* Debug */ = {
			isa = XCBuildConfiguration;
			baseConfigurationReference = AA71566E1DC355A4A2774CFF /* Pods-ParstagramTests.debug.xcconfig */;
			buildSettings = {
				ALWAYS_EMBED_SWIFT_STANDARD_LIBRARIES = YES;
				BUNDLE_LOADER = "$(TEST_HOST)";
				CODE_SIGN_STYLE = Automatic;
				INFOPLIST_FILE = ParstagramTests/Info.plist;
				IPHONEOS_DEPLOYMENT_TARGET = 13.2;
				LD_RUNPATH_SEARCH_PATHS = (
					"$(inherited)",
					"@executable_path/Frameworks",
					"@loader_path/Frameworks",
				);
				PRODUCT_BUNDLE_IDENTIFIER = com.csumb.ParstagramTests;
				PRODUCT_NAME = "$(TARGET_NAME)";
				SWIFT_VERSION = 5.0;
				TARGETED_DEVICE_FAMILY = "1,2";
				TEST_HOST = "$(BUILT_PRODUCTS_DIR)/Parstagram.app/Parstagram";
			};
			name = Debug;
		};
		B11B3D5F240B9FB100F93D79 /* Release */ = {
			isa = XCBuildConfiguration;
			baseConfigurationReference = 35953C311EF1FE53EC83FAAF /* Pods-ParstagramTests.release.xcconfig */;
			buildSettings = {
				ALWAYS_EMBED_SWIFT_STANDARD_LIBRARIES = YES;
				BUNDLE_LOADER = "$(TEST_HOST)";
				CODE_SIGN_STYLE = Automatic;
				INFOPLIST_FILE = ParstagramTests/Info.plist;
				IPHONEOS_DEPLOYMENT_TARGET = 13.2;
				LD_RUNPATH_SEARCH_PATHS = (
					"$(inherited)",
					"@executable_path/Frameworks",
					"@loader_path/Frameworks",
				);
				PRODUCT_BUNDLE_IDENTIFIER = com.csumb.ParstagramTests;
				PRODUCT_NAME = "$(TARGET_NAME)";
				SWIFT_VERSION = 5.0;
				TARGETED_DEVICE_FAMILY = "1,2";
				TEST_HOST = "$(BUILT_PRODUCTS_DIR)/Parstagram.app/Parstagram";
			};
			name = Release;
		};
		B11B3D61240B9FB100F93D79 /* Debug */ = {
			isa = XCBuildConfiguration;
			baseConfigurationReference = 0A3EB7BF42B9D92C36112290 /* Pods-Parstagram-ParstagramUITests.debug.xcconfig */;
			buildSettings = {
				ALWAYS_EMBED_SWIFT_STANDARD_LIBRARIES = YES;
				CODE_SIGN_STYLE = Automatic;
				INFOPLIST_FILE = ParstagramUITests/Info.plist;
				LD_RUNPATH_SEARCH_PATHS = (
					"$(inherited)",
					"@executable_path/Frameworks",
					"@loader_path/Frameworks",
				);
				PRODUCT_BUNDLE_IDENTIFIER = com.csumb.ParstagramUITests;
				PRODUCT_NAME = "$(TARGET_NAME)";
				SWIFT_VERSION = 5.0;
				TARGETED_DEVICE_FAMILY = "1,2";
				TEST_TARGET_NAME = Parstagram;
			};
			name = Debug;
		};
		B11B3D62240B9FB100F93D79 /* Release */ = {
			isa = XCBuildConfiguration;
			baseConfigurationReference = E292D19F755DAA2047855548 /* Pods-Parstagram-ParstagramUITests.release.xcconfig */;
			buildSettings = {
				ALWAYS_EMBED_SWIFT_STANDARD_LIBRARIES = YES;
				CODE_SIGN_STYLE = Automatic;
				INFOPLIST_FILE = ParstagramUITests/Info.plist;
				LD_RUNPATH_SEARCH_PATHS = (
					"$(inherited)",
					"@executable_path/Frameworks",
					"@loader_path/Frameworks",
				);
				PRODUCT_BUNDLE_IDENTIFIER = com.csumb.ParstagramUITests;
				PRODUCT_NAME = "$(TARGET_NAME)";
				SWIFT_VERSION = 5.0;
				TARGETED_DEVICE_FAMILY = "1,2";
				TEST_TARGET_NAME = Parstagram;
			};
			name = Release;
		};
/* End XCBuildConfiguration section */

/* Begin XCConfigurationList section */
		B11B3D2B240B9FA800F93D79 /* Build configuration list for PBXProject "Parstagram" */ = {
			isa = XCConfigurationList;
			buildConfigurations = (
				B11B3D58240B9FB100F93D79 /* Debug */,
				B11B3D59240B9FB100F93D79 /* Release */,
			);
			defaultConfigurationIsVisible = 0;
			defaultConfigurationName = Release;
		};
		B11B3D5A240B9FB100F93D79 /* Build configuration list for PBXNativeTarget "Parstagram" */ = {
			isa = XCConfigurationList;
			buildConfigurations = (
				B11B3D5B240B9FB100F93D79 /* Debug */,
				B11B3D5C240B9FB100F93D79 /* Release */,
			);
			defaultConfigurationIsVisible = 0;
			defaultConfigurationName = Release;
		};
		B11B3D5D240B9FB100F93D79 /* Build configuration list for PBXNativeTarget "ParstagramTests" */ = {
			isa = XCConfigurationList;
			buildConfigurations = (
				B11B3D5E240B9FB100F93D79 /* Debug */,
				B11B3D5F240B9FB100F93D79 /* Release */,
			);
			defaultConfigurationIsVisible = 0;
			defaultConfigurationName = Release;
		};
		B11B3D60240B9FB100F93D79 /* Build configuration list for PBXNativeTarget "ParstagramUITests" */ = {
			isa = XCConfigurationList;
			buildConfigurations = (
				B11B3D61240B9FB100F93D79 /* Debug */,
				B11B3D62240B9FB100F93D79 /* Release */,
			);
			defaultConfigurationIsVisible = 0;
			defaultConfigurationName = Release;
		};
/* End XCConfigurationList section */
	};
	rootObject = B11B3D28240B9FA800F93D79 /* Project object */;
}
